
Microsoft Visual Studio Solution File, Format Version 12.00
# Visual Studio 15
VisualStudioVersion = 15.0.27428.2043
MinimumVisualStudioVersion = 10.0.40219.1
Project("{FAE04EC0-301F-11D3-BF4B-00C04F79EFBC}") = "MALSharp", "MALSharp\MALSharp.csproj", "{A6851AE7-116F-4E21-8594-564E090EB107}"
EndProject
Global
	GlobalSection(SolutionConfigurationPlatforms) = preSolution
		Debug|Any CPU = Debug|Any CPU
		Release|Any CPU = Release|Any CPU
	EndGlobalSection
	GlobalSection(ProjectConfigurationPlatforms) = postSolution
		{A6851AE7-116F-4E21-8594-564E090EB107}.Debug|Any CPU.ActiveCfg = Debug|Any CPU
		{A6851AE7-116F-4E21-8594-564E090EB107}.Debug|Any CPU.Build.0 = Debug|Any CPU
		{A6851AE7-116F-4E21-8594-564E090EB107}.Release|Any CPU.ActiveCfg = Release|Any CPU
		{A6851AE7-116F-4E21-8594-564E090EB107}.Release|Any CPU.Build.0 = Release|Any CPU
	EndGlobalSection
	GlobalSection(SolutionProperties) = preSolution
		HideSolutionNode = FALSE
	EndGlobalSection
	GlobalSection(ExtensibilityGlobals) = postSolution
		SolutionGuid = {EAE56C6B-D843-4073-9BED-0DC07DC6BC4F}
	EndGlobalSection
EndGlobal
